
Microsoft Visual Studio Solution File, Format Version 12.00
# Visual Studio Version 16
VisualStudioVersion = 16.0.30907.101
MinimumVisualStudioVersion = 10.0.40219.1
Project("{888888A0-9F3D-457C-B088-3A5042F75D52}") = "Input File Creator", "Input File Creator.pyproj", "{201F31E4-5A26-4AB2-AB41-4FDA53C21B51}"
EndProject
Global
	GlobalSection(SolutionConfigurationPlatforms) = preSolution
		Debug|Any CPU = Debug|Any CPU
		Release|Any CPU = Release|Any CPU
	EndGlobalSection
	GlobalSection(ProjectConfigurationPlatforms) = postSolution
		{201F31E4-5A26-4AB2-AB41-4FDA53C21B51}.Debug|Any CPU.ActiveCfg = Release|Any CPU
		{201F31E4-5A26-4AB2-AB41-4FDA53C21B51}.Release|Any CPU.ActiveCfg = Release|Any CPU
	EndGlobalSection
	GlobalSection(SolutionProperties) = preSolution
		HideSolutionNode = FALSE
	EndGlobalSection
	GlobalSection(ExtensibilityGlobals) = postSolution
		SolutionGuid = {E81C6134-7EDB-4D08-806A-C1BAEF4069BA}
	EndGlobalSection
EndGlobal
